
Microsoft Visual Studio Solution File, Format Version 12.00
# Visual Studio Version 16
VisualStudioVersion = 16.0.29409.12
MinimumVisualStudioVersion = 10.0.40219.1
Project("{FAE04EC0-301F-11D3-BF4B-00C04F79EFBC}") = "TgBot.API", "TgBot.API\TgBot.API.csproj", "{2E46728F-511B-4B65-802A-EC8A630C969D}"
EndProject
Global
	GlobalSection(SolutionConfigurationPlatforms) = preSolution
		Debug|Any CPU = Debug|Any CPU
		Release|Any CPU = Release|Any CPU
	EndGlobalSection
	GlobalSection(ProjectConfigurationPlatforms) = postSolution
		{2E46728F-511B-4B65-802A-EC8A630C969D}.Debug|Any CPU.ActiveCfg = Debug|Any CPU
		{2E46728F-511B-4B65-802A-EC8A630C969D}.Debug|Any CPU.Build.0 = Debug|Any CPU
		{2E46728F-511B-4B65-802A-EC8A630C969D}.Release|Any CPU.ActiveCfg = Release|Any CPU
		{2E46728F-511B-4B65-802A-EC8A630C969D}.Release|Any CPU.Build.0 = Release|Any CPU
	EndGlobalSection
	GlobalSection(SolutionProperties) = preSolution
		HideSolutionNode = FALSE
	EndGlobalSection
	GlobalSection(ExtensibilityGlobals) = postSolution
		SolutionGuid = {1C4BBE02-4219-4D72-B3D5-A949D470529E}
	EndGlobalSection
EndGlobal
